// !$*UTF8*$!
{
	archiveVersion = 1;
	classes = {
	};
	objectVersion = 51;
	objects = {

/* Begin PBXBuildFile section */
		3C27A77924D85CC200DCBE82 /* AppDelegate.swift in Sources */ = {isa = PBXBuildFile; fileRef = 3C27A77824D85CC200DCBE82 /* AppDelegate.swift */; };
		3C27A77B24D85CC200DCBE82 /* SceneDelegate.swift in Sources */ = {isa = PBXBuildFile; fileRef = 3C27A77A24D85CC200DCBE82 /* SceneDelegate.swift */; };
		3C27A77D24D85CC200DCBE82 /* ViewController.swift in Sources */ = {isa = PBXBuildFile; fileRef = 3C27A77C24D85CC200DCBE82 /* ViewController.swift */; };
		3C27A78024D85CC200DCBE82 /* Main.storyboard in Resources */ = {isa = PBXBuildFile; fileRef = 3C27A77E24D85CC200DCBE82 /* Main.storyboard */; };
		3C27A78224D85CC300DCBE82 /* Assets.xcassets in Resources */ = {isa = PBXBuildFile; fileRef = 3C27A78124D85CC300DCBE82 /* Assets.xcassets */; };
		3C27A78524D85CC300DCBE82 /* LaunchScreen.storyboard in Resources */ = {isa = PBXBuildFile; fileRef = 3C27A78324D85CC300DCBE82 /* LaunchScreen.storyboard */; };
		3C39727524EE8822002C21C1 /* ViewController+CollectinoViewFunctions.swift in Sources */ = {isa = PBXBuildFile; fileRef = 3C39727424EE8822002C21C1 /* ViewController+CollectinoViewFunctions.swift */; };
		3C42E6B524DEFEA7003FC031 /* Currency.swift in Sources */ = {isa = PBXBuildFile; fileRef = 3C42E6B424DEFEA7003FC031 /* Currency.swift */; };
		3C42E6B724DF0201003FC031 /* Currency.json in Resources */ = {isa = PBXBuildFile; fileRef = 3C42E6B624DF0201003FC031 /* Currency.json */; };
		3C42E6BE24DF0A04003FC031 /* CurrencyCollectionViewCell.swift in Sources */ = {isa = PBXBuildFile; fileRef = 3C42E6BD24DF0A04003FC031 /* CurrencyCollectionViewCell.swift */; };
		3C42E6C024DF0A34003FC031 /* FunctionCollectionViewCell.swift in Sources */ = {isa = PBXBuildFile; fileRef = 3C42E6BF24DF0A34003FC031 /* FunctionCollectionViewCell.swift */; };
		3C42E6C224E0755B003FC031 /* FunctionContent.json in Resources */ = {isa = PBXBuildFile; fileRef = 3C42E6C124E0755B003FC031 /* FunctionContent.json */; };
		3C42E6C424E07675003FC031 /* MainPageFunction.swift in Sources */ = {isa = PBXBuildFile; fileRef = 3C42E6C324E07675003FC031 /* MainPageFunction.swift */; };
		3C6DFA5D24FD65C900735B87 /* DesignableUITextField.swift in Sources */ = {isa = PBXBuildFile; fileRef = 3C6DFA5C24FD65C900735B87 /* DesignableUITextField.swift */; };
		3CAE7BF124F68B6F0048B57F /* LoginViewController.swift in Sources */ = {isa = PBXBuildFile; fileRef = 3CAE7BF024F68B6F0048B57F /* LoginViewController.swift */; };
		3CAE7BF324F68B920048B57F /* FunctionViewController.swift in Sources */ = {isa = PBXBuildFile; fileRef = 3CAE7BF224F68B920048B57F /* FunctionViewController.swift */; };
		3CAE7BF524F68BF30048B57F /* BlankPageViewController.swift in Sources */ = {isa = PBXBuildFile; fileRef = 3CAE7BF424F68BF30048B57F /* BlankPageViewController.swift */; };
		3CC34B2C24D877D80027FF85 /* UserDatabase.swift in Sources */ = {isa = PBXBuildFile; fileRef = 3CC34B2B24D877D80027FF85 /* UserDatabase.swift */; };
		3CC34B2E24D8785F0027FF85 /* MessageDatabase.swift in Sources */ = {isa = PBXBuildFile; fileRef = 3CC34B2D24D8785F0027FF85 /* MessageDatabase.swift */; };
		AB37E7B1556F3BA228772649 /* Pods_iOS_practice_BankApp.framework in Frameworks */ = {isa = PBXBuildFile; fileRef = 76BB825CD5567DA206482E3D /* Pods_iOS_practice_BankApp.framework */; };
/* End PBXBuildFile section */

/* Begin PBXFileReference section */
		3C27A77524D85CC200DCBE82 /* iOS_practice_BankApp.app */ = {isa = PBXFileReference; explicitFileType = wrapper.application; includeInIndex = 0; path = iOS_practice_BankApp.app; sourceTree = BUILT_PRODUCTS_DIR; };
		3C27A77824D85CC200DCBE82 /* AppDelegate.swift */ = {isa = PBXFileReference; lastKnownFileType = sourcecode.swift; path = AppDelegate.swift; sourceTree = "<group>"; };
		3C27A77A24D85CC200DCBE82 /* SceneDelegate.swift */ = {isa = PBXFileReference; lastKnownFileType = sourcecode.swift; path = SceneDelegate.swift; sourceTree = "<group>"; };
		3C27A77C24D85CC200DCBE82 /* ViewController.swift */ = {isa = PBXFileReference; lastKnownFileType = sourcecode.swift; path = ViewController.swift; sourceTree = "<group>"; };
		3C27A77F24D85CC200DCBE82 /* Base */ = {isa = PBXFileReference; lastKnownFileType = file.storyboard; name = Base; path = Base.lproj/Main.storyboard; sourceTree = "<group>"; };
		3C27A78124D85CC300DCBE82 /* Assets.xcassets */ = {isa = PBXFileReference; lastKnownFileType = folder.assetcatalog; path = Assets.xcassets; sourceTree = "<group>"; };
		3C27A78424D85CC300DCBE82 /* Base */ = {isa = PBXFileReference; lastKnownFileType = file.storyboard; name = Base; path = Base.lproj/LaunchScreen.storyboard; sourceTree = "<group>"; };
		3C27A78624D85CC300DCBE82 /* Info.plist */ = {isa = PBXFileReference; lastKnownFileType = text.plist.xml; path = Info.plist; sourceTree = "<group>"; };
		3C39727424EE8822002C21C1 /* ViewController+CollectinoViewFunctions.swift */ = {isa = PBXFileReference; lastKnownFileType = sourcecode.swift; path = "ViewController+CollectinoViewFunctions.swift"; sourceTree = "<group>"; };
		3C42E6B424DEFEA7003FC031 /* Currency.swift */ = {isa = PBXFileReference; lastKnownFileType = sourcecode.swift; path = Currency.swift; sourceTree = "<group>"; };
		3C42E6B624DF0201003FC031 /* Currency.json */ = {isa = PBXFileReference; fileEncoding = 4; lastKnownFileType = text.json; path = Currency.json; sourceTree = "<group>"; };
		3C42E6BD24DF0A04003FC031 /* CurrencyCollectionViewCell.swift */ = {isa = PBXFileReference; lastKnownFileType = sourcecode.swift; path = CurrencyCollectionViewCell.swift; sourceTree = "<group>"; };
		3C42E6BF24DF0A34003FC031 /* FunctionCollectionViewCell.swift */ = {isa = PBXFileReference; lastKnownFileType = sourcecode.swift; path = FunctionCollectionViewCell.swift; sourceTree = "<group>"; };
		3C42E6C124E0755B003FC031 /* FunctionContent.json */ = {isa = PBXFileReference; fileEncoding = 4; lastKnownFileType = text.json; path = FunctionContent.json; sourceTree = "<group>"; };
		3C42E6C324E07675003FC031 /* MainPageFunction.swift */ = {isa = PBXFileReference; lastKnownFileType = sourcecode.swift; path = MainPageFunction.swift; sourceTree = "<group>"; };
		3C6DFA5C24FD65C900735B87 /* DesignableUITextField.swift */ = {isa = PBXFileReference; fileEncoding = 4; lastKnownFileType = sourcecode.swift; path = DesignableUITextField.swift; sourceTree = "<group>"; };
		3CAE7BF024F68B6F0048B57F /* LoginViewController.swift */ = {isa = PBXFileReference; lastKnownFileType = sourcecode.swift; path = LoginViewController.swift; sourceTree = "<group>"; };
		3CAE7BF224F68B920048B57F /* FunctionViewController.swift */ = {isa = PBXFileReference; lastKnownFileType = sourcecode.swift; path = FunctionViewController.swift; sourceTree = "<group>"; };
		3CAE7BF424F68BF30048B57F /* BlankPageViewController.swift */ = {isa = PBXFileReference; lastKnownFileType = sourcecode.swift; path = BlankPageViewController.swift; sourceTree = "<group>"; };
		3CC34B2B24D877D80027FF85 /* UserDatabase.swift */ = {isa = PBXFileReference; lastKnownFileType = sourcecode.swift; path = UserDatabase.swift; sourceTree = "<group>"; };
		3CC34B2D24D8785F0027FF85 /* MessageDatabase.swift */ = {isa = PBXFileReference; lastKnownFileType = sourcecode.swift; path = MessageDatabase.swift; sourceTree = "<group>"; };
		463B09BF766C22047BA0A13E /* Pods-iOS_practice_BankApp.debug.xcconfig */ = {isa = PBXFileReference; includeInIndex = 1; lastKnownFileType = text.xcconfig; name = "Pods-iOS_practice_BankApp.debug.xcconfig"; path = "Target Support Files/Pods-iOS_practice_BankApp/Pods-iOS_practice_BankApp.debug.xcconfig"; sourceTree = "<group>"; };
		76BB825CD5567DA206482E3D /* Pods_iOS_practice_BankApp.framework */ = {isa = PBXFileReference; explicitFileType = wrapper.framework; includeInIndex = 0; path = Pods_iOS_practice_BankApp.framework; sourceTree = BUILT_PRODUCTS_DIR; };
		BE02C3BEE8F30E620D4983A1 /* Pods-iOS_practice_BankApp.release.xcconfig */ = {isa = PBXFileReference; includeInIndex = 1; lastKnownFileType = text.xcconfig; name = "Pods-iOS_practice_BankApp.release.xcconfig"; path = "Target Support Files/Pods-iOS_practice_BankApp/Pods-iOS_practice_BankApp.release.xcconfig"; sourceTree = "<group>"; };
/* End PBXFileReference section */

/* Begin PBXFrameworksBuildPhase section */
		3C27A77224D85CC200DCBE82 /* Frameworks */ = {
			isa = PBXFrameworksBuildPhase;
			buildActionMask = 2147483647;
			files = (
				AB37E7B1556F3BA228772649 /* Pods_iOS_practice_BankApp.framework in Frameworks */,
			);
			runOnlyForDeploymentPostprocessing = 0;
		};
/* End PBXFrameworksBuildPhase section */

/* Begin PBXGroup section */
		10F6DF9D67329A6A276D5CA5 /* Pods */ = {
			isa = PBXGroup;
			children = (
				463B09BF766C22047BA0A13E /* Pods-iOS_practice_BankApp.debug.xcconfig */,
				BE02C3BEE8F30E620D4983A1 /* Pods-iOS_practice_BankApp.release.xcconfig */,
			);
			path = Pods;
			sourceTree = "<group>";
		};
		3C27A76C24D85CC200DCBE82 = {
			isa = PBXGroup;
			children = (
				3C27A77724D85CC200DCBE82 /* iOS_practice_BankApp */,
				3C27A77624D85CC200DCBE82 /* Products */,
				10F6DF9D67329A6A276D5CA5 /* Pods */,
				A2A73E9D1BF1E303307F0B1A /* Frameworks */,
			);
			sourceTree = "<group>";
		};
		3C27A77624D85CC200DCBE82 /* Products */ = {
			isa = PBXGroup;
			children = (
				3C27A77524D85CC200DCBE82 /* iOS_practice_BankApp.app */,
			);
			name = Products;
			sourceTree = "<group>";
		};
		3C27A77724D85CC200DCBE82 /* iOS_practice_BankApp */ = {
			isa = PBXGroup;
			children = (
				3C6DFA5C24FD65C900735B87 /* DesignableUITextField.swift */,
				3C39727824EE8941002C21C1 /* ViewController */,
				3C42E6BC24DF09EA003FC031 /* CollectionViewCell */,
				3C39727724EE892C002C21C1 /* DecodeJson */,
				3C39727624EE890C002C21C1 /* Database */,
				3C42E6B624DF0201003FC031 /* Currency.json */,
				3C42E6C124E0755B003FC031 /* FunctionContent.json */,
				3C27A77824D85CC200DCBE82 /* AppDelegate.swift */,
				3C27A77A24D85CC200DCBE82 /* SceneDelegate.swift */,
				3C27A77E24D85CC200DCBE82 /* Main.storyboard */,
				3C27A78124D85CC300DCBE82 /* Assets.xcassets */,
				3C27A78324D85CC300DCBE82 /* LaunchScreen.storyboard */,
				3C27A78624D85CC300DCBE82 /* Info.plist */,
			);
			path = iOS_practice_BankApp;
			sourceTree = "<group>";
		};
		3C39727624EE890C002C21C1 /* Database */ = {
			isa = PBXGroup;
			children = (
				3CC34B2B24D877D80027FF85 /* UserDatabase.swift */,
				3CC34B2D24D8785F0027FF85 /* MessageDatabase.swift */,
			);
			path = Database;
			sourceTree = "<group>";
		};
		3C39727724EE892C002C21C1 /* DecodeJson */ = {
			isa = PBXGroup;
			children = (
				3C42E6B424DEFEA7003FC031 /* Currency.swift */,
				3C42E6C324E07675003FC031 /* MainPageFunction.swift */,
			);
			path = DecodeJson;
			sourceTree = "<group>";
		};
		3C39727824EE8941002C21C1 /* ViewController */ = {
			isa = PBXGroup;
			children = (
				3C27A77C24D85CC200DCBE82 /* ViewController.swift */,
				3C39727424EE8822002C21C1 /* ViewController+CollectinoViewFunctions.swift */,
				3CAE7BF024F68B6F0048B57F /* LoginViewController.swift */,
				3CAE7BF224F68B920048B57F /* FunctionViewController.swift */,
				3CAE7BF424F68BF30048B57F /* BlankPageViewController.swift */,
			);
			path = ViewController;
			sourceTree = "<group>";
		};
		3C42E6BC24DF09EA003FC031 /* CollectionViewCell */ = {
			isa = PBXGroup;
			children = (
				3C42E6BD24DF0A04003FC031 /* CurrencyCollectionViewCell.swift */,
				3C42E6BF24DF0A34003FC031 /* FunctionCollectionViewCell.swift */,
			);
			path = CollectionViewCell;
			sourceTree = "<group>";
		};
		A2A73E9D1BF1E303307F0B1A /* Frameworks */ = {
			isa = PBXGroup;
			children = (
				76BB825CD5567DA206482E3D /* Pods_iOS_practice_BankApp.framework */,
			);
			name = Frameworks;
			sourceTree = "<group>";
		};
/* End PBXGroup section */

/* Begin PBXNativeTarget section */
		3C27A77424D85CC200DCBE82 /* iOS_practice_BankApp */ = {
			isa = PBXNativeTarget;
			buildConfigurationList = 3C27A78924D85CC300DCBE82 /* Build configuration list for PBXNativeTarget "iOS_practice_BankApp" */;
			buildPhases = (
				E6A4AA423FC2E91D9AD6F114 /* [CP] Check Pods Manifest.lock */,
				3C27A77124D85CC200DCBE82 /* Sources */,
				3C27A77224D85CC200DCBE82 /* Frameworks */,
				3C27A77324D85CC200DCBE82 /* Resources */,
				62DFC4C0EE85A0960F55AFC4 /* [CP] Embed Pods Frameworks */,
			);
			buildRules = (
			);
			dependencies = (
			);
			name = iOS_practice_BankApp;
			productName = iOS_practice_BankApp;
			productReference = 3C27A77524D85CC200DCBE82 /* iOS_practice_BankApp.app */;
			productType = "com.apple.product-type.application";
		};
/* End PBXNativeTarget section */

/* Begin PBXProject section */
		3C27A76D24D85CC200DCBE82 /* Project object */ = {
			isa = PBXProject;
			attributes = {
				LastSwiftUpdateCheck = 1160;
				LastUpgradeCheck = 1160;
				ORGANIZATIONNAME = "歐東";
				TargetAttributes = {
					3C27A77424D85CC200DCBE82 = {
						CreatedOnToolsVersion = 11.6;
					};
				};
			};
			buildConfigurationList = 3C27A77024D85CC200DCBE82 /* Build configuration list for PBXProject "iOS_practice_BankApp" */;
			compatibilityVersion = "Xcode 9.3";
			developmentRegion = en;
			hasScannedForEncodings = 0;
			knownRegions = (
				en,
				Base,
			);
			mainGroup = 3C27A76C24D85CC200DCBE82;
			productRefGroup = 3C27A77624D85CC200DCBE82 /* Products */;
			projectDirPath = "";
			projectRoot = "";
			targets = (
				3C27A77424D85CC200DCBE82 /* iOS_practice_BankApp */,
			);
		};
/* End PBXProject section */

/* Begin PBXResourcesBuildPhase section */
		3C27A77324D85CC200DCBE82 /* Resources */ = {
			isa = PBXResourcesBuildPhase;
			buildActionMask = 2147483647;
			files = (
				3C42E6C224E0755B003FC031 /* FunctionContent.json in Resources */,
				3C42E6B724DF0201003FC031 /* Currency.json in Resources */,
				3C27A78524D85CC300DCBE82 /* LaunchScreen.storyboard in Resources */,
				3C27A78224D85CC300DCBE82 /* Assets.xcassets in Resources */,
				3C27A78024D85CC200DCBE82 /* Main.storyboard in Resources */,
			);
			runOnlyForDeploymentPostprocessing = 0;
		};
/* End PBXResourcesBuildPhase section */

/* Begin PBXShellScriptBuildPhase section */
		62DFC4C0EE85A0960F55AFC4 /* [CP] Embed Pods Frameworks */ = {
			isa = PBXShellScriptBuildPhase;
			buildActionMask = 2147483647;
			files = (
			);
			inputFileListPaths = (
				"${PODS_ROOT}/Target Support Files/Pods-iOS_practice_BankApp/Pods-iOS_practice_BankApp-frameworks-${CONFIGURATION}-input-files.xcfilelist",
			);
			name = "[CP] Embed Pods Frameworks";
			outputFileListPaths = (
				"${PODS_ROOT}/Target Support Files/Pods-iOS_practice_BankApp/Pods-iOS_practice_BankApp-frameworks-${CONFIGURATION}-output-files.xcfilelist",
			);
			runOnlyForDeploymentPostprocessing = 0;
			shellPath = /bin/sh;
			shellScript = "\"${PODS_ROOT}/Target Support Files/Pods-iOS_practice_BankApp/Pods-iOS_practice_BankApp-frameworks.sh\"\n";
			showEnvVarsInLog = 0;
		};
		E6A4AA423FC2E91D9AD6F114 /* [CP] Check Pods Manifest.lock */ = {
			isa = PBXShellScriptBuildPhase;
			buildActionMask = 2147483647;
			files = (
			);
			inputFileListPaths = (
			);
			inputPaths = (
				"${PODS_PODFILE_DIR_PATH}/Podfile.lock",
				"${PODS_ROOT}/Manifest.lock",
			);
			name = "[CP] Check Pods Manifest.lock";
			outputFileListPaths = (
			);
			outputPaths = (
				"$(DERIVED_FILE_DIR)/Pods-iOS_practice_BankApp-checkManifestLockResult.txt",
			);
			runOnlyForDeploymentPostprocessing = 0;
			shellPath = /bin/sh;
			shellScript = "diff \"${PODS_PODFILE_DIR_PATH}/Podfile.lock\" \"${PODS_ROOT}/Manifest.lock\" > /dev/null\nif [ $? != 0 ] ; then\n    # print error to STDERR\n    echo \"error: The sandbox is not in sync with the Podfile.lock. Run 'pod install' or update your CocoaPods installation.\" >&2\n    exit 1\nfi\n# This output is used by Xcode 'outputs' to avoid re-running this script phase.\necho \"SUCCESS\" > \"${SCRIPT_OUTPUT_FILE_0}\"\n";
			showEnvVarsInLog = 0;
		};
/* End PBXShellScriptBuildPhase section */

/* Begin PBXSourcesBuildPhase section */
		3C27A77124D85CC200DCBE82 /* Sources */ = {
			isa = PBXSourcesBuildPhase;
			buildActionMask = 2147483647;
			files = (
				3CAE7BF324F68B920048B57F /* FunctionViewController.swift in Sources */,
				3C42E6C424E07675003FC031 /* MainPageFunction.swift in Sources */,
				3C42E6C024DF0A34003FC031 /* FunctionCollectionViewCell.swift in Sources */,
				3C42E6B524DEFEA7003FC031 /* Currency.swift in Sources */,
				3C27A77D24D85CC200DCBE82 /* ViewController.swift in Sources */,
				3CC34B2C24D877D80027FF85 /* UserDatabase.swift in Sources */,
				3C27A77924D85CC200DCBE82 /* AppDelegate.swift in Sources */,
				3C27A77B24D85CC200DCBE82 /* SceneDelegate.swift in Sources */,
				3CAE7BF524F68BF30048B57F /* BlankPageViewController.swift in Sources */,
				3C39727524EE8822002C21C1 /* ViewController+CollectinoViewFunctions.swift in Sources */,
				3C42E6BE24DF0A04003FC031 /* CurrencyCollectionViewCell.swift in Sources */,
				3C6DFA5D24FD65C900735B87 /* DesignableUITextField.swift in Sources */,
				3CC34B2E24D8785F0027FF85 /* MessageDatabase.swift in Sources */,
				3CAE7BF124F68B6F0048B57F /* LoginViewController.swift in Sources */,
			);
			runOnlyForDeploymentPostprocessing = 0;
		};
/* End PBXSourcesBuildPhase section */

/* Begin PBXVariantGroup section */
		3C27A77E24D85CC200DCBE82 /* Main.storyboard */ = {
			isa = PBXVariantGroup;
			children = (
				3C27A77F24D85CC200DCBE82 /* Base */,
			);
			name = Main.storyboard;
			sourceTree = "<group>";
		};
		3C27A78324D85CC300DCBE82 /* LaunchScreen.storyboard */ = {
			isa = PBXVariantGroup;
			children = (
				3C27A78424D85CC300DCBE82 /* Base */,
			);
			name = LaunchScreen.storyboard;
			sourceTree = "<group>";
		};
/* End PBXVariantGroup section */

/* Begin XCBuildConfiguration section */
		3C27A78724D85CC300DCBE82 /* Debug */ = {
			isa = XCBuildConfiguration;
			buildSettings = {
				ALWAYS_SEARCH_USER_PATHS = NO;
				CLANG_ANALYZER_NONNULL = YES;
				CLANG_ANALYZER_NUMBER_OBJECT_CONVERSION = YES_AGGRESSIVE;
				CLANG_CXX_LANGUAGE_STANDARD = "gnu++14";
				CLANG_CXX_LIBRARY = "libc++";
				CLANG_ENABLE_MODULES = YES;
				CLANG_ENABLE_OBJC_ARC = YES;
				CLANG_ENABLE_OBJC_WEAK = YES;
				CLANG_WARN_BLOCK_CAPTURE_AUTORELEASING = YES;
				CLANG_WARN_BOOL_CONVERSION = YES;
				CLANG_WARN_COMMA = YES;
				CLANG_WARN_CONSTANT_CONVERSION = YES;
				CLANG_WARN_DEPRECATED_OBJC_IMPLEMENTATIONS = YES;
				CLANG_WARN_DIRECT_OBJC_ISA_USAGE = YES_ERROR;
				CLANG_WARN_DOCUMENTATION_COMMENTS = YES;
				CLANG_WARN_EMPTY_BODY = YES;
				CLANG_WARN_ENUM_CONVERSION = YES;
				CLANG_WARN_INFINITE_RECURSION = YES;
				CLANG_WARN_INT_CONVERSION = YES;
				CLANG_WARN_NON_LITERAL_NULL_CONVERSION = YES;
				CLANG_WARN_OBJC_IMPLICIT_RETAIN_SELF = YES;
				CLANG_WARN_OBJC_LITERAL_CONVERSION = YES;
				CLANG_WARN_OBJC_ROOT_CLASS = YES_ERROR;
				CLANG_WARN_RANGE_LOOP_ANALYSIS = YES;
				CLANG_WARN_STRICT_PROTOTYPES = YES;
				CLANG_WARN_SUSPICIOUS_MOVE = YES;
				CLANG_WARN_UNGUARDED_AVAILABILITY = YES_AGGRESSIVE;
				CLANG_WARN_UNREACHABLE_CODE = YES;
				CLANG_WARN__DUPLICATE_METHOD_MATCH = YES;
				COPY_PHASE_STRIP = NO;
				DEBUG_INFORMATION_FORMAT = dwarf;
				ENABLE_STRICT_OBJC_MSGSEND = YES;
				ENABLE_TESTABILITY = YES;
				GCC_C_LANGUAGE_STANDARD = gnu11;
				GCC_DYNAMIC_NO_PIC = NO;
				GCC_NO_COMMON_BLOCKS = YES;
				GCC_OPTIMIZATION_LEVEL = 0;
				GCC_PREPROCESSOR_DEFINITIONS = (
					"DEBUG=1",
					"$(inherited)",
				);
				GCC_WARN_64_TO_32_BIT_CONVERSION = YES;
				GCC_WARN_ABOUT_RETURN_TYPE = YES_ERROR;
				GCC_WARN_UNDECLARED_SELECTOR = YES;
				GCC_WARN_UNINITIALIZED_AUTOS = YES_AGGRESSIVE;
				GCC_WARN_UNUSED_FUNCTION = YES;
				GCC_WARN_UNUSED_VARIABLE = YES;
				IPHONEOS_DEPLOYMENT_TARGET = 13.6;
				MTL_ENABLE_DEBUG_INFO = INCLUDE_SOURCE;
				MTL_FAST_MATH = YES;
				ONLY_ACTIVE_ARCH = YES;
				SDKROOT = iphoneos;
				SWIFT_ACTIVE_COMPILATION_CONDITIONS = DEBUG;
				SWIFT_OPTIMIZATION_LEVEL = "-Onone";
			};
			name = Debug;
		};
		3C27A78824D85CC300DCBE82 /* Release */ = {
			isa = XCBuildConfiguration;
			buildSettings = {
				ALWAYS_SEARCH_USER_PATHS = NO;
				CLANG_ANALYZER_NONNULL = YES;
				CLANG_ANALYZER_NUMBER_OBJECT_CONVERSION = YES_AGGRESSIVE;
				CLANG_CXX_LANGUAGE_STANDARD = "gnu++14";
				CLANG_CXX_LIBRARY = "libc++";
				CLANG_ENABLE_MODULES = YES;
				CLANG_ENABLE_OBJC_ARC = YES;
				CLANG_ENABLE_OBJC_WEAK = YES;
				CLANG_WARN_BLOCK_CAPTURE_AUTORELEASING = YES;
				CLANG_WARN_BOOL_CONVERSION = YES;
				CLANG_WARN_COMMA = YES;
				CLANG_WARN_CONSTANT_CONVERSION = YES;
				CLANG_WARN_DEPRECATED_OBJC_IMPLEMENTATIONS = YES;
				CLANG_WARN_DIRECT_OBJC_ISA_USAGE = YES_ERROR;
				CLANG_WARN_DOCUMENTATION_COMMENTS = YES;
				CLANG_WARN_EMPTY_BODY = YES;
				CLANG_WARN_ENUM_CONVERSION = YES;
				CLANG_WARN_INFINITE_RECURSION = YES;
				CLANG_WARN_INT_CONVERSION = YES;
				CLANG_WARN_NON_LITERAL_NULL_CONVERSION = YES;
				CLANG_WARN_OBJC_IMPLICIT_RETAIN_SELF = YES;
				CLANG_WARN_OBJC_LITERAL_CONVERSION = YES;
				CLANG_WARN_OBJC_ROOT_CLASS = YES_ERROR;
				CLANG_WARN_RANGE_LOOP_ANALYSIS = YES;
				CLANG_WARN_STRICT_PROTOTYPES = YES;
				CLANG_WARN_SUSPICIOUS_MOVE = YES;
				CLANG_WARN_UNGUARDED_AVAILABILITY = YES_AGGRESSIVE;
				CLANG_WARN_UNREACHABLE_CODE = YES;
				CLANG_WARN__DUPLICATE_METHOD_MATCH = YES;
				COPY_PHASE_STRIP = NO;
				DEBUG_INFORMATION_FORMAT = "dwarf-with-dsym";
				ENABLE_NS_ASSERTIONS = NO;
				ENABLE_STRICT_OBJC_MSGSEND = YES;
				GCC_C_LANGUAGE_STANDARD = gnu11;
				GCC_NO_COMMON_BLOCKS = YES;
				GCC_WARN_64_TO_32_BIT_CONVERSION = YES;
				GCC_WARN_ABOUT_RETURN_TYPE = YES_ERROR;
				GCC_WARN_UNDECLARED_SELECTOR = YES;
				GCC_WARN_UNINITIALIZED_AUTOS = YES_AGGRESSIVE;
				GCC_WARN_UNUSED_FUNCTION = YES;
				GCC_WARN_UNUSED_VARIABLE = YES;
				IPHONEOS_DEPLOYMENT_TARGET = 13.6;
				MTL_ENABLE_DEBUG_INFO = NO;
				MTL_FAST_MATH = YES;
				SDKROOT = iphoneos;
				SWIFT_COMPILATION_MODE = wholemodule;
				SWIFT_OPTIMIZATION_LEVEL = "-O";
				VALIDATE_PRODUCT = YES;
			};
			name = Release;
		};
		3C27A78A24D85CC300DCBE82 /* Debug */ = {
			isa = XCBuildConfiguration;
			baseConfigurationReference = 463B09BF766C22047BA0A13E /* Pods-iOS_practice_BankApp.debug.xcconfig */;
			buildSettings = {
				ASSETCATALOG_COMPILER_APPICON_NAME = AppIcon;
				CODE_SIGN_STYLE = Automatic;
				DEVELOPMENT_TEAM = S8FBP4YLUA;
				INFOPLIST_FILE = iOS_practice_BankApp/Info.plist;
				IPHONEOS_DEPLOYMENT_TARGET = 13.5;
				LD_RUNPATH_SEARCH_PATHS = (
					"$(inherited)",
					"@executable_path/Frameworks",
				);
				PRODUCT_BUNDLE_IDENTIFIER = "com.test.iOS-practice-BankApp";
				PRODUCT_NAME = "$(TARGET_NAME)";
				SWIFT_VERSION = 5.0;
				TARGETED_DEVICE_FAMILY = "1,2";
			};
			name = Debug;
		};
		3C27A78B24D85CC300DCBE82 /* Release */ = {
			isa = XCBuildConfiguration;
			baseConfigurationReference = BE02C3BEE8F30E620D4983A1 /* Pods-iOS_practice_BankApp.release.xcconfig */;
			buildSettings = {
				ASSETCATALOG_COMPILER_APPICON_NAME = AppIcon;
				CODE_SIGN_STYLE = Automatic;
				DEVELOPMENT_TEAM = S8FBP4YLUA;
				INFOPLIST_FILE = iOS_practice_BankApp/Info.plist;
				IPHONEOS_DEPLOYMENT_TARGET = 13.5;
				LD_RUNPATH_SEARCH_PATHS = (
					"$(inherited)",
					"@executable_path/Frameworks",
				);
				PRODUCT_BUNDLE_IDENTIFIER = "com.test.iOS-practice-BankApp";
				PRODUCT_NAME = "$(TARGET_NAME)";
				SWIFT_VERSION = 5.0;
				TARGETED_DEVICE_FAMILY = "1,2";
			};
			name = Release;
		};
/* End XCBuildConfiguration section */

/* Begin XCConfigurationList section */
		3C27A77024D85CC200DCBE82 /* Build configuration list for PBXProject "iOS_practice_BankApp" */ = {
			isa = XCConfigurationList;
			buildConfigurations = (
				3C27A78724D85CC300DCBE82 /* Debug */,
				3C27A78824D85CC300DCBE82 /* Release */,
			);
			defaultConfigurationIsVisible = 0;
			defaultConfigurationName = Release;
		};
		3C27A78924D85CC300DCBE82 /* Build configuration list for PBXNativeTarget "iOS_practice_BankApp" */ = {
			isa = XCConfigurationList;
			buildConfigurations = (
				3C27A78A24D85CC300DCBE82 /* Debug */,
				3C27A78B24D85CC300DCBE82 /* Release */,
			);
			defaultConfigurationIsVisible = 0;
			defaultConfigurationName = Release;
		};
/* End XCConfigurationList section */
	};
	rootObject = 3C27A76D24D85CC200DCBE82 /* Project object */;
}
